
Microsoft Visual Studio Solution File, Format Version 12.00
# Visual Studio 15
VisualStudioVersion = 15.0.27004.2005
MinimumVisualStudioVersion = 10.0.40219.1
Project("{F184B08F-C81C-45F6-A57F-5ABD9991F28F}") = "Compositor", "Compositor\Compositor.vbproj", "{16A18DE3-6E1E-4CE9-9E9D-E9907B442E80}"
EndProject
Global
	GlobalSection(SolutionConfigurationPlatforms) = preSolution
		Debug|Any CPU = Debug|Any CPU
		Debug|x86 = Debug|x86
		Release|Any CPU = Release|Any CPU
		Release|x86 = Release|x86
	EndGlobalSection
	GlobalSection(ProjectConfigurationPlatforms) = postSolution
		{16A18DE3-6E1E-4CE9-9E9D-E9907B442E80}.Debug|Any CPU.ActiveCfg = Debug|Any CPU
		{16A18DE3-6E1E-4CE9-9E9D-E9907B442E80}.Debug|Any CPU.Build.0 = Debug|Any CPU
		{16A18DE3-6E1E-4CE9-9E9D-E9907B442E80}.Debug|x86.ActiveCfg = Debug|x86
		{16A18DE3-6E1E-4CE9-9E9D-E9907B442E80}.Debug|x86.Build.0 = Debug|x86
		{16A18DE3-6E1E-4CE9-9E9D-E9907B442E80}.Release|Any CPU.ActiveCfg = Release|Any CPU
		{16A18DE3-6E1E-4CE9-9E9D-E9907B442E80}.Release|Any CPU.Build.0 = Release|Any CPU
		{16A18DE3-6E1E-4CE9-9E9D-E9907B442E80}.Release|x86.ActiveCfg = Release|x86
		{16A18DE3-6E1E-4CE9-9E9D-E9907B442E80}.Release|x86.Build.0 = Release|x86
	EndGlobalSection
	GlobalSection(SolutionProperties) = preSolution
		HideSolutionNode = FALSE
	EndGlobalSection
	GlobalSection(ExtensibilityGlobals) = postSolution
		SolutionGuid = {D800BD30-0857-48C9-B95D-FBCDFF9001A9}
	EndGlobalSection
EndGlobal
